
Microsoft Visual Studio Solution File, Format Version 12.00
# Visual Studio Version 16
VisualStudioVersion = 16.0.30503.244
MinimumVisualStudioVersion = 10.0.40219.1
Project("{FAE04EC0-301F-11D3-BF4B-00C04F79EFBC}") = "WebFrontEnd", "WebFrontEnd\WebFrontEnd.csproj", "{A14493CE-E652-4E59-8266-BA2EC9908E62}"
EndProject
Global
	GlobalSection(SolutionConfigurationPlatforms) = preSolution
		Debug|Any CPU = Debug|Any CPU
		Release|Any CPU = Release|Any CPU
	EndGlobalSection
	GlobalSection(ProjectConfigurationPlatforms) = postSolution
		{A14493CE-E652-4E59-8266-BA2EC9908E62}.Debug|Any CPU.ActiveCfg = Debug|Any CPU
		{A14493CE-E652-4E59-8266-BA2EC9908E62}.Debug|Any CPU.Build.0 = Debug|Any CPU
		{A14493CE-E652-4E59-8266-BA2EC9908E62}.Release|Any CPU.ActiveCfg = Release|Any CPU
		{A14493CE-E652-4E59-8266-BA2EC9908E62}.Release|Any CPU.Build.0 = Release|Any CPU
	EndGlobalSection
	GlobalSection(SolutionProperties) = preSolution
		HideSolutionNode = FALSE
	EndGlobalSection
	GlobalSection(ExtensibilityGlobals) = postSolution
		SolutionGuid = {D3FF99F3-D5CD-49C9-A968-6AE9D548FDF2}
	EndGlobalSection
EndGlobal
